
Microsoft Visual Studio Solution File, Format Version 12.00
# Visual Studio 14
VisualStudioVersion = 14.0.25420.1
MinimumVisualStudioVersion = 10.0.40219.1
Project("{FAE04EC0-301F-11D3-BF4B-00C04F79EFBC}") = "GITHUB test", "GITHUB test\GITHUB test.csproj", "{E4CCA165-6D3C-4B7E-8647-6EBE02528EC7}"
EndProject
Global
	GlobalSection(SolutionConfigurationPlatforms) = preSolution
		Debug|Any CPU = Debug|Any CPU
		Release|Any CPU = Release|Any CPU
	EndGlobalSection
	GlobalSection(ProjectConfigurationPlatforms) = postSolution
		{E4CCA165-6D3C-4B7E-8647-6EBE02528EC7}.Debug|Any CPU.ActiveCfg = Debug|Any CPU
		{E4CCA165-6D3C-4B7E-8647-6EBE02528EC7}.Debug|Any CPU.Build.0 = Debug|Any CPU
		{E4CCA165-6D3C-4B7E-8647-6EBE02528EC7}.Release|Any CPU.ActiveCfg = Release|Any CPU
		{E4CCA165-6D3C-4B7E-8647-6EBE02528EC7}.Release|Any CPU.Build.0 = Release|Any CPU
	EndGlobalSection
	GlobalSection(SolutionProperties) = preSolution
		HideSolutionNode = FALSE
	EndGlobalSection
EndGlobal
